
Microsoft Visual Studio Solution File, Format Version 12.00
# Visual Studio 2012
Project("{8BC9CEB8-8B4A-11D0-8D11-00A0C91BC942}") = "UDPServer", "UDP_Communication\UDP_Communication.vcxproj", "{8AFB6F11-91D8-416C-B282-755B52277CC9}"
EndProject
Project("{8BC9CEB8-8B4A-11D0-8D11-00A0C91BC942}") = "UDPClient", "UDPClient\UDPClient.vcxproj", "{80C16317-3636-4D9E-8DE2-774EE19A03D6}"
EndProject
Global
	GlobalSection(SolutionConfigurationPlatforms) = preSolution
		Debug|Win32 = Debug|Win32
		Release|Win32 = Release|Win32
	EndGlobalSection
	GlobalSection(ProjectConfigurationPlatforms) = postSolution
		{8AFB6F11-91D8-416C-B282-755B52277CC9}.Debug|Win32.ActiveCfg = Debug|Win32
		{8AFB6F11-91D8-416C-B282-755B52277CC9}.Debug|Win32.Build.0 = Debug|Win32
		{8AFB6F11-91D8-416C-B282-755B52277CC9}.Release|Win32.ActiveCfg = Release|Win32
		{8AFB6F11-91D8-416C-B282-755B52277CC9}.Release|Win32.Build.0 = Release|Win32
		{80C16317-3636-4D9E-8DE2-774EE19A03D6}.Debug|Win32.ActiveCfg = Debug|Win32
		{80C16317-3636-4D9E-8DE2-774EE19A03D6}.Debug|Win32.Build.0 = Debug|Win32
		{80C16317-3636-4D9E-8DE2-774EE19A03D6}.Release|Win32.ActiveCfg = Release|Win32
		{80C16317-3636-4D9E-8DE2-774EE19A03D6}.Release|Win32.Build.0 = Release|Win32
	EndGlobalSection
	GlobalSection(SolutionProperties) = preSolution
		HideSolutionNode = FALSE
	EndGlobalSection
EndGlobal
