
Microsoft Visual Studio Solution File, Format Version 12.00
# Visual Studio 2012
Project("{8BC9CEB8-8B4A-11D0-8D11-00A0C91BC942}") = "TCPServer_Fixed", "FileSendSystem\FileSendSystem.vcxproj", "{BB248D46-3ABF-448E-A77A-1CD55FDEC7B4}"
EndProject
Project("{8BC9CEB8-8B4A-11D0-8D11-00A0C91BC942}") = "TCPClient_Fixed", "TCPClient_Fixed\TCPClient_Fixed.vcxproj", "{1AF90399-D9E3-4DE9-B9FD-0A4173C9428C}"
EndProject
Project("{8BC9CEB8-8B4A-11D0-8D11-00A0C91BC942}") = "TCPserver_Variable", "TCP_server_Variable\TCP_server_Variable.vcxproj", "{EF16FAD4-F25A-4D97-83BE-D759C6341E9E}"
EndProject
Project("{8BC9CEB8-8B4A-11D0-8D11-00A0C91BC942}") = "TCPClient_Variable", "TCPClient_Variable\TCPClient_Variable.vcxproj", "{59A697DC-A2E5-4CBA-A34C-2B2C2682DBC1}"
EndProject
Project("{2150E333-8FDC-42A3-9474-1A3956D46DE8}") = "Fixed", "Fixed", "{742141AF-4AFD-488F-B041-B3F8A93ACE3A}"
EndProject
Project("{2150E333-8FDC-42A3-9474-1A3956D46DE8}") = "Variable", "Variable", "{00879388-D5FE-4965-9ED3-A3F1E7CC7784}"
EndProject
Project("{2150E333-8FDC-42A3-9474-1A3956D46DE8}") = "FixedVariable", "FixedVariable", "{57F7E14D-4FF6-4E9C-B83D-78F71FF59005}"
EndProject
Project("{8BC9CEB8-8B4A-11D0-8D11-00A0C91BC942}") = "TCPServer_FixedVariable", "TCPServer_FixedVariable\TCPServer_FixedVariable.vcxproj", "{5C0A17F5-DE54-4AB0-AEEB-E6FB05B63FE4}"
EndProject
Project("{8BC9CEB8-8B4A-11D0-8D11-00A0C91BC942}") = "TCPClient_FixedVariable", "TCPClient_FixedVariable\TCPClient_FixedVariable.vcxproj", "{0190249F-CDA1-4CB8-A6D0-4F17FAED9CBF}"
EndProject
Project("{8BC9CEB8-8B4A-11D0-8D11-00A0C91BC942}") = "TCPClient_FixedVariableFileSender", "TCPClient_FixedVariableFileSender\TCPClient_FixedVariableFileSender.vcxproj", "{9CBDEAF2-7710-4B35-9A67-2317553EC5F0}"
EndProject
Project("{2150E333-8FDC-42A3-9474-1A3956D46DE8}") = "FileSendSystem", "FileSendSystem", "{B379024A-5A29-47EE-A838-8B45D04B43E2}"
EndProject
Project("{8BC9CEB8-8B4A-11D0-8D11-00A0C91BC942}") = "TCPClient_FileSendSystem", "TCPClient_FileSendSystem\TCPClient_FileSendSystem.vcxproj", "{801C442E-8FD2-4758-A985-0F0630506016}"
EndProject
Project("{8BC9CEB8-8B4A-11D0-8D11-00A0C91BC942}") = "TCPServer_FileSendSystem", "TCPServer_FileSendSystem\TCPServer_FileSendSystem.vcxproj", "{98D1C2CF-3E19-4848-94E6-9A54789EF262}"
EndProject
Project("{2150E333-8FDC-42A3-9474-1A3956D46DE8}") = "FileSendSystem2", "FileSendSystem2", "{35F25965-31B1-4EC8-8775-D97BCD8FF9D7}"
EndProject
Project("{8BC9CEB8-8B4A-11D0-8D11-00A0C91BC942}") = "TCPClient_FileSendSystem2", "TCPClient_FileSendSystem2\TCPClient_FileSendSystem2.vcxproj", "{BFE75B43-F10C-4ED8-B516-537AFD221895}"
EndProject
Project("{8BC9CEB8-8B4A-11D0-8D11-00A0C91BC942}") = "TCPServer_FileSendSystem2", "TCPServer_FileSendSystem2\TCPServer_FileSendSystem2.vcxproj", "{91F2D089-E9A7-427E-9EB5-730279680DA6}"
EndProject
Project("{2150E333-8FDC-42A3-9474-1A3956D46DE8}") = "FileSendSystem3", "FileSendSystem3", "{73807FB7-DEE7-4B53-9F6E-984E6CD2D82A}"
EndProject
Project("{8BC9CEB8-8B4A-11D0-8D11-00A0C91BC942}") = "TCPClient_FileSendSystem3", "TCPClient_FileSendSystem3\TCPClient_FileSendSystem3.vcxproj", "{57606428-5167-48D2-B8A9-C586E1525DC2}"
EndProject
Project("{8BC9CEB8-8B4A-11D0-8D11-00A0C91BC942}") = "TCPServer_FileSendSystem3", "TCPServer_FileSendSystem3\TCPServer_FileSendSystem3.vcxproj", "{39C49231-A46C-494A-87D1-1B9BD7C8170D}"
EndProject
Project("{2150E333-8FDC-42A3-9474-1A3956D46DE8}") = "FileSendsystem(2010)", "FileSendsystem(2010)", "{C7386A8A-DA2A-4492-8CF6-7D7737E0A093}"
EndProject
Project("{8BC9CEB8-8B4A-11D0-8D11-00A0C91BC942}") = "TCPClient_FileSendSystem3", "TCPClient_FileSendSystem3(2010)\TCPClient_FileSendSystem3.vcxproj", "{4795BAA9-E5A1-4018-A40B-0B88E79DE4C9}"
EndProject
Project("{8BC9CEB8-8B4A-11D0-8D11-00A0C91BC942}") = "TCPServer_FileSendSystem3", "TCPServer_FileSendSystem3(2010)\TCPServer_FileSendSystem3.vcxproj", "{4913BF71-319A-4BC9-9F5C-071F9B4CD745}"
EndProject
Project("{8BC9CEB8-8B4A-11D0-8D11-00A0C91BC942}") = "MultiServer", "MultiServer\MultiServer.vcxproj", "{5CFE68C2-410A-4847-8740-3AD3F5CFBCAF}"
EndProject
Global
	GlobalSection(SolutionConfigurationPlatforms) = preSolution
		Debug|Win32 = Debug|Win32
		Release|Win32 = Release|Win32
	EndGlobalSection
	GlobalSection(ProjectConfigurationPlatforms) = postSolution
		{BB248D46-3ABF-448E-A77A-1CD55FDEC7B4}.Debug|Win32.ActiveCfg = Debug|Win32
		{BB248D46-3ABF-448E-A77A-1CD55FDEC7B4}.Debug|Win32.Build.0 = Debug|Win32
		{BB248D46-3ABF-448E-A77A-1CD55FDEC7B4}.Release|Win32.ActiveCfg = Release|Win32
		{BB248D46-3ABF-448E-A77A-1CD55FDEC7B4}.Release|Win32.Build.0 = Release|Win32
		{1AF90399-D9E3-4DE9-B9FD-0A4173C9428C}.Debug|Win32.ActiveCfg = Debug|Win32
		{1AF90399-D9E3-4DE9-B9FD-0A4173C9428C}.Debug|Win32.Build.0 = Debug|Win32
		{1AF90399-D9E3-4DE9-B9FD-0A4173C9428C}.Release|Win32.ActiveCfg = Release|Win32
		{1AF90399-D9E3-4DE9-B9FD-0A4173C9428C}.Release|Win32.Build.0 = Release|Win32
		{EF16FAD4-F25A-4D97-83BE-D759C6341E9E}.Debug|Win32.ActiveCfg = Debug|Win32
		{EF16FAD4-F25A-4D97-83BE-D759C6341E9E}.Debug|Win32.Build.0 = Debug|Win32
		{EF16FAD4-F25A-4D97-83BE-D759C6341E9E}.Release|Win32.ActiveCfg = Release|Win32
		{EF16FAD4-F25A-4D97-83BE-D759C6341E9E}.Release|Win32.Build.0 = Release|Win32
		{59A697DC-A2E5-4CBA-A34C-2B2C2682DBC1}.Debug|Win32.ActiveCfg = Debug|Win32
		{59A697DC-A2E5-4CBA-A34C-2B2C2682DBC1}.Debug|Win32.Build.0 = Debug|Win32
		{59A697DC-A2E5-4CBA-A34C-2B2C2682DBC1}.Release|Win32.ActiveCfg = Release|Win32
		{59A697DC-A2E5-4CBA-A34C-2B2C2682DBC1}.Release|Win32.Build.0 = Release|Win32
		{5C0A17F5-DE54-4AB0-AEEB-E6FB05B63FE4}.Debug|Win32.ActiveCfg = Debug|Win32
		{5C0A17F5-DE54-4AB0-AEEB-E6FB05B63FE4}.Debug|Win32.Build.0 = Debug|Win32
		{5C0A17F5-DE54-4AB0-AEEB-E6FB05B63FE4}.Release|Win32.ActiveCfg = Release|Win32
		{5C0A17F5-DE54-4AB0-AEEB-E6FB05B63FE4}.Release|Win32.Build.0 = Release|Win32
		{0190249F-CDA1-4CB8-A6D0-4F17FAED9CBF}.Debug|Win32.ActiveCfg = Debug|Win32
		{0190249F-CDA1-4CB8-A6D0-4F17FAED9CBF}.Debug|Win32.Build.0 = Debug|Win32
		{0190249F-CDA1-4CB8-A6D0-4F17FAED9CBF}.Release|Win32.ActiveCfg = Release|Win32
		{0190249F-CDA1-4CB8-A6D0-4F17FAED9CBF}.Release|Win32.Build.0 = Release|Win32
		{9CBDEAF2-7710-4B35-9A67-2317553EC5F0}.Debug|Win32.ActiveCfg = Debug|Win32
		{9CBDEAF2-7710-4B35-9A67-2317553EC5F0}.Debug|Win32.Build.0 = Debug|Win32
		{9CBDEAF2-7710-4B35-9A67-2317553EC5F0}.Release|Win32.ActiveCfg = Release|Win32
		{9CBDEAF2-7710-4B35-9A67-2317553EC5F0}.Release|Win32.Build.0 = Release|Win32
		{801C442E-8FD2-4758-A985-0F0630506016}.Debug|Win32.ActiveCfg = Debug|Win32
		{801C442E-8FD2-4758-A985-0F0630506016}.Debug|Win32.Build.0 = Debug|Win32
		{801C442E-8FD2-4758-A985-0F0630506016}.Release|Win32.ActiveCfg = Release|Win32
		{801C442E-8FD2-4758-A985-0F0630506016}.Release|Win32.Build.0 = Release|Win32
		{98D1C2CF-3E19-4848-94E6-9A54789EF262}.Debug|Win32.ActiveCfg = Debug|Win32
		{98D1C2CF-3E19-4848-94E6-9A54789EF262}.Debug|Win32.Build.0 = Debug|Win32
		{98D1C2CF-3E19-4848-94E6-9A54789EF262}.Release|Win32.ActiveCfg = Release|Win32
		{98D1C2CF-3E19-4848-94E6-9A54789EF262}.Release|Win32.Build.0 = Release|Win32
		{BFE75B43-F10C-4ED8-B516-537AFD221895}.Debug|Win32.ActiveCfg = Debug|Win32
		{BFE75B43-F10C-4ED8-B516-537AFD221895}.Debug|Win32.Build.0 = Debug|Win32
		{BFE75B43-F10C-4ED8-B516-537AFD221895}.Release|Win32.ActiveCfg = Release|Win32
		{BFE75B43-F10C-4ED8-B516-537AFD221895}.Release|Win32.Build.0 = Release|Win32
		{91F2D089-E9A7-427E-9EB5-730279680DA6}.Debug|Win32.ActiveCfg = Debug|Win32
		{91F2D089-E9A7-427E-9EB5-730279680DA6}.Debug|Win32.Build.0 = Debug|Win32
		{91F2D089-E9A7-427E-9EB5-730279680DA6}.Release|Win32.ActiveCfg = Release|Win32
		{91F2D089-E9A7-427E-9EB5-730279680DA6}.Release|Win32.Build.0 = Release|Win32
		{57606428-5167-48D2-B8A9-C586E1525DC2}.Debug|Win32.ActiveCfg = Debug|Win32
		{57606428-5167-48D2-B8A9-C586E1525DC2}.Debug|Win32.Build.0 = Debug|Win32
		{57606428-5167-48D2-B8A9-C586E1525DC2}.Release|Win32.ActiveCfg = Release|Win32
		{57606428-5167-48D2-B8A9-C586E1525DC2}.Release|Win32.Build.0 = Release|Win32
		{39C49231-A46C-494A-87D1-1B9BD7C8170D}.Debug|Win32.ActiveCfg = Debug|Win32
		{39C49231-A46C-494A-87D1-1B9BD7C8170D}.Debug|Win32.Build.0 = Debug|Win32
		{39C49231-A46C-494A-87D1-1B9BD7C8170D}.Release|Win32.ActiveCfg = Release|Win32
		{39C49231-A46C-494A-87D1-1B9BD7C8170D}.Release|Win32.Build.0 = Release|Win32
		{4795BAA9-E5A1-4018-A40B-0B88E79DE4C9}.Debug|Win32.ActiveCfg = Debug|Win32
		{4795BAA9-E5A1-4018-A40B-0B88E79DE4C9}.Debug|Win32.Build.0 = Debug|Win32
		{4795BAA9-E5A1-4018-A40B-0B88E79DE4C9}.Release|Win32.ActiveCfg = Release|Win32
		{4795BAA9-E5A1-4018-A40B-0B88E79DE4C9}.Release|Win32.Build.0 = Release|Win32
		{4913BF71-319A-4BC9-9F5C-071F9B4CD745}.Debug|Win32.ActiveCfg = Debug|Win32
		{4913BF71-319A-4BC9-9F5C-071F9B4CD745}.Debug|Win32.Build.0 = Debug|Win32
		{4913BF71-319A-4BC9-9F5C-071F9B4CD745}.Release|Win32.ActiveCfg = Release|Win32
		{4913BF71-319A-4BC9-9F5C-071F9B4CD745}.Release|Win32.Build.0 = Release|Win32
		{5CFE68C2-410A-4847-8740-3AD3F5CFBCAF}.Debug|Win32.ActiveCfg = Debug|Win32
		{5CFE68C2-410A-4847-8740-3AD3F5CFBCAF}.Debug|Win32.Build.0 = Debug|Win32
		{5CFE68C2-410A-4847-8740-3AD3F5CFBCAF}.Release|Win32.ActiveCfg = Release|Win32
		{5CFE68C2-410A-4847-8740-3AD3F5CFBCAF}.Release|Win32.Build.0 = Release|Win32
	EndGlobalSection
	GlobalSection(SolutionProperties) = preSolution
		HideSolutionNode = FALSE
	EndGlobalSection
	GlobalSection(NestedProjects) = preSolution
		{1AF90399-D9E3-4DE9-B9FD-0A4173C9428C} = {742141AF-4AFD-488F-B041-B3F8A93ACE3A}
		{BB248D46-3ABF-448E-A77A-1CD55FDEC7B4} = {742141AF-4AFD-488F-B041-B3F8A93ACE3A}
		{59A697DC-A2E5-4CBA-A34C-2B2C2682DBC1} = {00879388-D5FE-4965-9ED3-A3F1E7CC7784}
		{EF16FAD4-F25A-4D97-83BE-D759C6341E9E} = {00879388-D5FE-4965-9ED3-A3F1E7CC7784}
		{5C0A17F5-DE54-4AB0-AEEB-E6FB05B63FE4} = {57F7E14D-4FF6-4E9C-B83D-78F71FF59005}
		{0190249F-CDA1-4CB8-A6D0-4F17FAED9CBF} = {57F7E14D-4FF6-4E9C-B83D-78F71FF59005}
		{9CBDEAF2-7710-4B35-9A67-2317553EC5F0} = {57F7E14D-4FF6-4E9C-B83D-78F71FF59005}
		{801C442E-8FD2-4758-A985-0F0630506016} = {B379024A-5A29-47EE-A838-8B45D04B43E2}
		{98D1C2CF-3E19-4848-94E6-9A54789EF262} = {B379024A-5A29-47EE-A838-8B45D04B43E2}
		{BFE75B43-F10C-4ED8-B516-537AFD221895} = {35F25965-31B1-4EC8-8775-D97BCD8FF9D7}
		{91F2D089-E9A7-427E-9EB5-730279680DA6} = {35F25965-31B1-4EC8-8775-D97BCD8FF9D7}
		{57606428-5167-48D2-B8A9-C586E1525DC2} = {73807FB7-DEE7-4B53-9F6E-984E6CD2D82A}
		{39C49231-A46C-494A-87D1-1B9BD7C8170D} = {73807FB7-DEE7-4B53-9F6E-984E6CD2D82A}
		{4795BAA9-E5A1-4018-A40B-0B88E79DE4C9} = {C7386A8A-DA2A-4492-8CF6-7D7737E0A093}
		{4913BF71-319A-4BC9-9F5C-071F9B4CD745} = {C7386A8A-DA2A-4492-8CF6-7D7737E0A093}
	EndGlobalSection
EndGlobal
